
Microsoft Visual Studio Solution File, Format Version 12.00
# Visual Studio Version 17
VisualStudioVersion = 17.0.31903.59
MinimumVisualStudioVersion = 10.0.40219.1
Project("{2150E333-8FDC-42A3-9474-1A3956D46DE8}") = "src", "src", "{BFCC25B1-CE45-4D5E-8606-D01212152752}"
EndProject
Project("{9A19103F-16F7-4668-BE54-9A1E7A4F7556}") = "AuctionService", "src\AuctionService\AuctionService.csproj", "{30C0E547-58D8-4128-9FD1-C34E0126F2C0}"
EndProject
Project("{9A19103F-16F7-4668-BE54-9A1E7A4F7556}") = "SearchService", "src\SearchService\SearchService.csproj", "{1A74413D-7A3D-48F9-9A4E-F914D4554A59}"
EndProject
Project("{9A19103F-16F7-4668-BE54-9A1E7A4F7556}") = "Contracts", "src\Contracts\Contracts.csproj", "{E103717B-7D99-4752-A74F-B7A22B9752A7}"
EndProject
Project("{9A19103F-16F7-4668-BE54-9A1E7A4F7556}") = "IdentityService", "src\IdentityService\IdentityService.csproj", "{CCE55322-0D4E-440F-B78A-5A40D3CBF5D3}"
EndProject
Project("{FAE04EC0-301F-11D3-BF4B-00C04F79EFBC}") = "GatewayService", "src\GatewayService\GatewayService.csproj", "{8AA0A248-4AD8-4F05-9B0E-613F7FE0E999}"
EndProject
Global
	GlobalSection(SolutionConfigurationPlatforms) = preSolution
		Debug|Any CPU = Debug|Any CPU
		Release|Any CPU = Release|Any CPU
	EndGlobalSection
	GlobalSection(ProjectConfigurationPlatforms) = postSolution
		{30C0E547-58D8-4128-9FD1-C34E0126F2C0}.Debug|Any CPU.ActiveCfg = Debug|Any CPU
		{30C0E547-58D8-4128-9FD1-C34E0126F2C0}.Debug|Any CPU.Build.0 = Debug|Any CPU
		{30C0E547-58D8-4128-9FD1-C34E0126F2C0}.Release|Any CPU.ActiveCfg = Release|Any CPU
		{30C0E547-58D8-4128-9FD1-C34E0126F2C0}.Release|Any CPU.Build.0 = Release|Any CPU
		{1A74413D-7A3D-48F9-9A4E-F914D4554A59}.Debug|Any CPU.ActiveCfg = Debug|Any CPU
		{1A74413D-7A3D-48F9-9A4E-F914D4554A59}.Debug|Any CPU.Build.0 = Debug|Any CPU
		{1A74413D-7A3D-48F9-9A4E-F914D4554A59}.Release|Any CPU.ActiveCfg = Release|Any CPU
		{1A74413D-7A3D-48F9-9A4E-F914D4554A59}.Release|Any CPU.Build.0 = Release|Any CPU
		{E103717B-7D99-4752-A74F-B7A22B9752A7}.Debug|Any CPU.ActiveCfg = Debug|Any CPU
		{E103717B-7D99-4752-A74F-B7A22B9752A7}.Debug|Any CPU.Build.0 = Debug|Any CPU
		{E103717B-7D99-4752-A74F-B7A22B9752A7}.Release|Any CPU.ActiveCfg = Release|Any CPU
		{E103717B-7D99-4752-A74F-B7A22B9752A7}.Release|Any CPU.Build.0 = Release|Any CPU
		{CCE55322-0D4E-440F-B78A-5A40D3CBF5D3}.Debug|Any CPU.ActiveCfg = Debug|Any CPU
		{CCE55322-0D4E-440F-B78A-5A40D3CBF5D3}.Debug|Any CPU.Build.0 = Debug|Any CPU
		{CCE55322-0D4E-440F-B78A-5A40D3CBF5D3}.Release|Any CPU.ActiveCfg = Release|Any CPU
		{CCE55322-0D4E-440F-B78A-5A40D3CBF5D3}.Release|Any CPU.Build.0 = Release|Any CPU
		{8AA0A248-4AD8-4F05-9B0E-613F7FE0E999}.Debug|Any CPU.ActiveCfg = Debug|Any CPU
		{8AA0A248-4AD8-4F05-9B0E-613F7FE0E999}.Debug|Any CPU.Build.0 = Debug|Any CPU
		{8AA0A248-4AD8-4F05-9B0E-613F7FE0E999}.Release|Any CPU.ActiveCfg = Release|Any CPU
		{8AA0A248-4AD8-4F05-9B0E-613F7FE0E999}.Release|Any CPU.Build.0 = Release|Any CPU
	EndGlobalSection
	GlobalSection(SolutionProperties) = preSolution
		HideSolutionNode = FALSE
	EndGlobalSection
	GlobalSection(NestedProjects) = preSolution
		{30C0E547-58D8-4128-9FD1-C34E0126F2C0} = {BFCC25B1-CE45-4D5E-8606-D01212152752}
		{1A74413D-7A3D-48F9-9A4E-F914D4554A59} = {BFCC25B1-CE45-4D5E-8606-D01212152752}
		{E103717B-7D99-4752-A74F-B7A22B9752A7} = {BFCC25B1-CE45-4D5E-8606-D01212152752}
		{CCE55322-0D4E-440F-B78A-5A40D3CBF5D3} = {BFCC25B1-CE45-4D5E-8606-D01212152752}
		{8AA0A248-4AD8-4F05-9B0E-613F7FE0E999} = {BFCC25B1-CE45-4D5E-8606-D01212152752}
	EndGlobalSection
EndGlobal
